
Microsoft Visual Studio Solution File, Format Version 12.00
# Visual Studio 15
VisualStudioVersion = 15.0.28307.421
MinimumVisualStudioVersion = 10.0.40219.1
Project("{FAE04EC0-301F-11D3-BF4B-00C04F79EFBC}") = "VisualStudioDTE", "VisualStudioDTE\VisualStudioDTE.csproj", "{76795D0B-CDEF-4151-A90F-B596954C3482}"
EndProject
Global
	GlobalSection(SolutionConfigurationPlatforms) = preSolution
		Debug|Any CPU = Debug|Any CPU
		Release|Any CPU = Release|Any CPU
	EndGlobalSection
	GlobalSection(ProjectConfigurationPlatforms) = postSolution
		{76795D0B-CDEF-4151-A90F-B596954C3482}.Debug|Any CPU.ActiveCfg = Debug|Any CPU
		{76795D0B-CDEF-4151-A90F-B596954C3482}.Debug|Any CPU.Build.0 = Debug|Any CPU
		{76795D0B-CDEF-4151-A90F-B596954C3482}.Release|Any CPU.ActiveCfg = Release|Any CPU
		{76795D0B-CDEF-4151-A90F-B596954C3482}.Release|Any CPU.Build.0 = Release|Any CPU
	EndGlobalSection
	GlobalSection(SolutionProperties) = preSolution
		HideSolutionNode = FALSE
	EndGlobalSection
	GlobalSection(ExtensibilityGlobals) = postSolution
		SolutionGuid = {1519914A-734F-4DB1-BAFD-A2A2E4E083D5}
	EndGlobalSection
EndGlobal
